
Microsoft Visual Studio Solution File, Format Version 12.00
# Visual Studio Version 16
VisualStudioVersion = 16.0.31624.102
MinimumVisualStudioVersion = 10.0.40219.1
Project("{FAE04EC0-301F-11D3-BF4B-00C04F79EFBC}") = "BowlingGame", "BowlingGame\BowlingGame.csproj", "{A7E43B1B-8AE6-4276-8E1C-DD9692B9AF12}"
EndProject
Global
	GlobalSection(SolutionConfigurationPlatforms) = preSolution
		Debug|Any CPU = Debug|Any CPU
		Release|Any CPU = Release|Any CPU
	EndGlobalSection
	GlobalSection(ProjectConfigurationPlatforms) = postSolution
		{A7E43B1B-8AE6-4276-8E1C-DD9692B9AF12}.Debug|Any CPU.ActiveCfg = Debug|Any CPU
		{A7E43B1B-8AE6-4276-8E1C-DD9692B9AF12}.Debug|Any CPU.Build.0 = Debug|Any CPU
		{A7E43B1B-8AE6-4276-8E1C-DD9692B9AF12}.Release|Any CPU.ActiveCfg = Release|Any CPU
		{A7E43B1B-8AE6-4276-8E1C-DD9692B9AF12}.Release|Any CPU.Build.0 = Release|Any CPU
	EndGlobalSection
	GlobalSection(SolutionProperties) = preSolution
		HideSolutionNode = FALSE
	EndGlobalSection
	GlobalSection(ExtensibilityGlobals) = postSolution
		SolutionGuid = {3A4632ED-66E6-4789-AD29-982A046110DF}
	EndGlobalSection
EndGlobal
